
Microsoft Visual Studio Solution File, Format Version 12.00
# Visual Studio 2013
VisualStudioVersion = 12.0.31101.0
MinimumVisualStudioVersion = 10.0.40219.1
Project("{FAE04EC0-301F-11D3-BF4B-00C04F79EFBC}") = "Staircases", "Staircases\Staircases.csproj", "{9693F2BA-2715-4882-8892-213C18E4A608}"
EndProject
Project("{FAE04EC0-301F-11D3-BF4B-00C04F79EFBC}") = "StaircasesWithoutRecursion", "StaircasesWithoutRecursion\StaircasesWithoutRecursion.csproj", "{DCE28EED-F508-4484-A1C4-41B5E63207BF}"
EndProject
Project("{FAE04EC0-301F-11D3-BF4B-00C04F79EFBC}") = "CardGame", "CardGame\CardGame.csproj", "{EF48976A-E923-4D8E-A5CA-10353BBC6340}"
EndProject
Project("{FAE04EC0-301F-11D3-BF4B-00C04F79EFBC}") = "Friends", "Friends\Friends.csproj", "{3652B35A-FE5C-43E5-898A-AADB9C250FAA}"
EndProject
Project("{FAE04EC0-301F-11D3-BF4B-00C04F79EFBC}") = "MatchMaker", "MatchMaker\MatchMaker.csproj", "{C76253D3-AB27-4227-BEE8-5B794B87EDC7}"
EndProject
Global
	GlobalSection(SolutionConfigurationPlatforms) = preSolution
		Debug|Any CPU = Debug|Any CPU
		Release|Any CPU = Release|Any CPU
	EndGlobalSection
	GlobalSection(ProjectConfigurationPlatforms) = postSolution
		{9693F2BA-2715-4882-8892-213C18E4A608}.Debug|Any CPU.ActiveCfg = Debug|Any CPU
		{9693F2BA-2715-4882-8892-213C18E4A608}.Debug|Any CPU.Build.0 = Debug|Any CPU
		{9693F2BA-2715-4882-8892-213C18E4A608}.Release|Any CPU.ActiveCfg = Release|Any CPU
		{9693F2BA-2715-4882-8892-213C18E4A608}.Release|Any CPU.Build.0 = Release|Any CPU
		{DCE28EED-F508-4484-A1C4-41B5E63207BF}.Debug|Any CPU.ActiveCfg = Debug|Any CPU
		{DCE28EED-F508-4484-A1C4-41B5E63207BF}.Debug|Any CPU.Build.0 = Debug|Any CPU
		{DCE28EED-F508-4484-A1C4-41B5E63207BF}.Release|Any CPU.ActiveCfg = Release|Any CPU
		{DCE28EED-F508-4484-A1C4-41B5E63207BF}.Release|Any CPU.Build.0 = Release|Any CPU
		{EF48976A-E923-4D8E-A5CA-10353BBC6340}.Debug|Any CPU.ActiveCfg = Debug|Any CPU
		{EF48976A-E923-4D8E-A5CA-10353BBC6340}.Debug|Any CPU.Build.0 = Debug|Any CPU
		{EF48976A-E923-4D8E-A5CA-10353BBC6340}.Release|Any CPU.ActiveCfg = Release|Any CPU
		{EF48976A-E923-4D8E-A5CA-10353BBC6340}.Release|Any CPU.Build.0 = Release|Any CPU
		{3652B35A-FE5C-43E5-898A-AADB9C250FAA}.Debug|Any CPU.ActiveCfg = Debug|Any CPU
		{3652B35A-FE5C-43E5-898A-AADB9C250FAA}.Debug|Any CPU.Build.0 = Debug|Any CPU
		{3652B35A-FE5C-43E5-898A-AADB9C250FAA}.Release|Any CPU.ActiveCfg = Release|Any CPU
		{3652B35A-FE5C-43E5-898A-AADB9C250FAA}.Release|Any CPU.Build.0 = Release|Any CPU
		{C76253D3-AB27-4227-BEE8-5B794B87EDC7}.Debug|Any CPU.ActiveCfg = Debug|Any CPU
		{C76253D3-AB27-4227-BEE8-5B794B87EDC7}.Debug|Any CPU.Build.0 = Debug|Any CPU
		{C76253D3-AB27-4227-BEE8-5B794B87EDC7}.Release|Any CPU.ActiveCfg = Release|Any CPU
		{C76253D3-AB27-4227-BEE8-5B794B87EDC7}.Release|Any CPU.Build.0 = Release|Any CPU
	EndGlobalSection
	GlobalSection(SolutionProperties) = preSolution
		HideSolutionNode = FALSE
	EndGlobalSection
EndGlobal
