
Microsoft Visual Studio Solution File, Format Version 12.00
# Visual Studio 14
VisualStudioVersion = 14.0.24720.0
MinimumVisualStudioVersion = 10.0.40219.1
Project("{FAE04EC0-301F-11D3-BF4B-00C04F79EFBC}") = "SportSystem.App", "SportSystem.App\SportSystem.App.csproj", "{EDE4BA3D-0772-4935-9322-2E68AC797697}"
EndProject
Project("{FAE04EC0-301F-11D3-BF4B-00C04F79EFBC}") = "SportSystem.Models", "SportSystem.Models\SportSystem.Models.csproj", "{0897A245-5C45-40E5-B8FA-B2EAE9915C9B}"
EndProject
Project("{FAE04EC0-301F-11D3-BF4B-00C04F79EFBC}") = "SportSystem.Data", "SportSystem.Data\SportSystem.Data.csproj", "{BA475F4A-8382-4B46-8512-5E4E14651F89}"
EndProject
Global
	GlobalSection(SolutionConfigurationPlatforms) = preSolution
		Debug|Any CPU = Debug|Any CPU
		Release|Any CPU = Release|Any CPU
	EndGlobalSection
	GlobalSection(ProjectConfigurationPlatforms) = postSolution
		{EDE4BA3D-0772-4935-9322-2E68AC797697}.Debug|Any CPU.ActiveCfg = Debug|Any CPU
		{EDE4BA3D-0772-4935-9322-2E68AC797697}.Debug|Any CPU.Build.0 = Debug|Any CPU
		{EDE4BA3D-0772-4935-9322-2E68AC797697}.Release|Any CPU.ActiveCfg = Release|Any CPU
		{EDE4BA3D-0772-4935-9322-2E68AC797697}.Release|Any CPU.Build.0 = Release|Any CPU
		{0897A245-5C45-40E5-B8FA-B2EAE9915C9B}.Debug|Any CPU.ActiveCfg = Debug|Any CPU
		{0897A245-5C45-40E5-B8FA-B2EAE9915C9B}.Debug|Any CPU.Build.0 = Debug|Any CPU
		{0897A245-5C45-40E5-B8FA-B2EAE9915C9B}.Release|Any CPU.ActiveCfg = Release|Any CPU
		{0897A245-5C45-40E5-B8FA-B2EAE9915C9B}.Release|Any CPU.Build.0 = Release|Any CPU
		{BA475F4A-8382-4B46-8512-5E4E14651F89}.Debug|Any CPU.ActiveCfg = Debug|Any CPU
		{BA475F4A-8382-4B46-8512-5E4E14651F89}.Debug|Any CPU.Build.0 = Debug|Any CPU
		{BA475F4A-8382-4B46-8512-5E4E14651F89}.Release|Any CPU.ActiveCfg = Release|Any CPU
		{BA475F4A-8382-4B46-8512-5E4E14651F89}.Release|Any CPU.Build.0 = Release|Any CPU
	EndGlobalSection
	GlobalSection(SolutionProperties) = preSolution
		HideSolutionNode = FALSE
	EndGlobalSection
EndGlobal
